// !$*UTF8*$!
{
	archiveVersion = 1;
	classes = {
	};
	objectVersion = 77;
	objects = {

/* Begin PBXBuildFile section */
		053BEFF22F8C7462008A3D6B /* FirebaseAI in Frameworks */ = {isa = PBXBuildFile; productRef = 053BEFF12F8C7462008A3D6B /* FirebaseAI */; };
		053BEFF42F8C7462008A3D6B /* FirebaseAILogic in Frameworks */ = {isa = PBXBuildFile; productRef = 053BEFF32F8C7462008A3D6B /* FirebaseAILogic */; };
		053BEFFC2F8C7462008A3D6B /* FirebaseAppCheck in Frameworks */ = {isa = PBXBuildFile; productRef = 053BEFFB2F8C7462008A3D6B /* FirebaseAppCheck */; };
		053BEFFE2F8C7462008A3D6B /* FirebaseAppDistribution-Beta in Frameworks */ = {isa = PBXBuildFile; productRef = 053BEFFD2F8C7462008A3D6B /* FirebaseAppDistribution-Beta */; };
		053BF0002F8C7462008A3D6B /* FirebaseAuth in Frameworks */ = {isa = PBXBuildFile; productRef = 053BEFFF2F8C7462008A3D6B /* FirebaseAuth */; };
		053BF0022F8C7462008A3D6B /* FirebaseAuthCombine-Community in Frameworks */ = {isa = PBXBuildFile; productRef = 053BF0012F8C7462008A3D6B /* FirebaseAuthCombine-Community */; };
		053BF0042F8C7462008A3D6B /* FirebaseCore in Frameworks */ = {isa = PBXBuildFile; productRef = 053BF0032F8C7462008A3D6B /* FirebaseCore */; };
		053BF0082F8C7462008A3D6B /* FirebaseDatabase in Frameworks */ = {isa = PBXBuildFile; productRef = 053BF0072F8C7462008A3D6B /* FirebaseDatabase */; };
		053BF00A2F8C7462008A3D6B /* FirebaseFirestore in Frameworks */ = {isa = PBXBuildFile; productRef = 053BF0092F8C7462008A3D6B /* FirebaseFirestore */; };
		053BF00C2F8C7462008A3D6B /* FirebaseFirestoreCombine-Community in Frameworks */ = {isa = PBXBuildFile; productRef = 053BF00B2F8C7462008A3D6B /* FirebaseFirestoreCombine-Community */; };
		053BF00E2F8C7462008A3D6B /* FirebaseFunctions in Frameworks */ = {isa = PBXBuildFile; productRef = 053BF00D2F8C7462008A3D6B /* FirebaseFunctions */; };
		053BF0102F8C7462008A3D6B /* FirebaseFunctionsCombine-Community in Frameworks */ = {isa = PBXBuildFile; productRef = 053BF00F2F8C7462008A3D6B /* FirebaseFunctionsCombine-Community */; };
		053BF0142F8C7462008A3D6B /* FirebaseInstallations in Frameworks */ = {isa = PBXBuildFile; productRef = 053BF0132F8C7462008A3D6B /* FirebaseInstallations */; };
		053BF0162F8C7462008A3D6B /* FirebaseMLModelDownloader in Frameworks */ = {isa = PBXBuildFile; productRef = 053BF0152F8C7462008A3D6B /* FirebaseMLModelDownloader */; };
		053BF0182F8C7462008A3D6B /* FirebaseMessaging in Frameworks */ = {isa = PBXBuildFile; productRef = 053BF0172F8C7462008A3D6B /* FirebaseMessaging */; };
		053BF01A2F8C7462008A3D6B /* FirebasePerformance in Frameworks */ = {isa = PBXBuildFile; productRef = 053BF0192F8C7462008A3D6B /* FirebasePerformance */; };
		053BF01C2F8C7462008A3D6B /* FirebaseRemoteConfig in Frameworks */ = {isa = PBXBuildFile; productRef = 053BF01B2F8C7462008A3D6B /* FirebaseRemoteConfig */; };
		053BF01E2F8C7462008A3D6B /* FirebaseStorage in Frameworks */ = {isa = PBXBuildFile; productRef = 053BF01D2F8C7462008A3D6B /* FirebaseStorage */; };
		053BF0202F8C7462008A3D6B /* FirebaseStorageCombine-Community in Frameworks */ = {isa = PBXBuildFile; productRef = 053BF01F2F8C7462008A3D6B /* FirebaseStorageCombine-Community */; };
		DE94792E2FD7F00F005C63AF /* GoogleService-Info.plist in Resources */ = {isa = PBXBuildFile; fileRef = DE94792D2FD7F00F005C63AF /* GoogleService-Info.plist */; };
		DEA32D1F2FC7EFBC002FC59E /* Config.xcconfig in Resources */ = {isa = PBXBuildFile; fileRef = DEA32D1E2FC7EFBC002FC59E /* Config.xcconfig */; };
		E46E46BF2FA9937000E87EF6 /* SciChart in Frameworks */ = {isa = PBXBuildFile; productRef = E46E46BE2FA9937000E87EF6 /* SciChart */; };
/* End PBXBuildFile section */

/* Begin PBXContainerItemProxy section */
		DD1B65E62FD3A0A00002F60E /* PBXContainerItemProxy */ = {
			isa = PBXContainerItemProxy;
			containerPortal = 053BEF132F8AEC41008A3D6B /* Project object */;
			proxyType = 1;
			remoteGlobalIDString = 053BEF1A2F8AEC41008A3D6B;
			remoteInfo = visualize;
		};
		DD71EFF22FD3A87100EE00C1 /* PBXContainerItemProxy */ = {
			isa = PBXContainerItemProxy;
			containerPortal = 053BEF132F8AEC41008A3D6B /* Project object */;
			proxyType = 1;
			remoteGlobalIDString = 053BEF1A2F8AEC41008A3D6B;
			remoteInfo = visualize;
		};
/* End PBXContainerItemProxy section */

/* Begin PBXFileReference section */
		053BEF1B2F8AEC41008A3D6B /* visualize.app */ = {isa = PBXFileReference; explicitFileType = wrapper.application; includeInIndex = 0; path = visualize.app; sourceTree = BUILT_PRODUCTS_DIR; };
		DD1B65E22FD3A0A00002F60E /* visualizeTests.xctest */ = {isa = PBXFileReference; explicitFileType = wrapper.cfbundle; includeInIndex = 0; path = visualizeTests.xctest; sourceTree = BUILT_PRODUCTS_DIR; };
		DD71EFEC2FD3A87100EE00C1 /* visualizeUITests.xctest */ = {isa = PBXFileReference; explicitFileType = wrapper.cfbundle; includeInIndex = 0; path = visualizeUITests.xctest; sourceTree = BUILT_PRODUCTS_DIR; };
		DE94792D2FD7F00F005C63AF /* GoogleService-Info.plist */ = {isa = PBXFileReference; lastKnownFileType = text.plist.xml; path = "GoogleService-Info.plist"; sourceTree = "<group>"; };
		DEA32D1E2FC7EFBC002FC59E /* Config.xcconfig */ = {isa = PBXFileReference; lastKnownFileType = text.xcconfig; path = Config.xcconfig; sourceTree = "<group>"; };
/* End PBXFileReference section */

/* Begin PBXFileSystemSynchronizedBuildFileExceptionSet section */
		528EAC8A2FD74233007057DB /* Exceptions for "visualizeTests" folder in "visualize" target */ = {
			isa = PBXFileSystemSynchronizedBuildFileExceptionSet;
			membershipExceptions = (
				Feed/TestMocks/MockFeedRepositories.swift,
				Notifications/TestMocks/MockNotificationRepository.swift,
			);
			target = 053BEF1A2F8AEC41008A3D6B /* visualize */;
		};
		528EAC8B2FD74233007057DB /* Exceptions for "visualizeTests" folder in "visualizeTests" target */ = {
			isa = PBXFileSystemSynchronizedBuildFileExceptionSet;
			membershipExceptions = (
				Feed/TestMocks/MockFeedRepositories.swift,
				Notifications/TestMocks/MockNotificationRepository.swift,
			);
			target = DD1B65E12FD3A0A00002F60E /* visualizeTests */;
		};
		E480294E2FAAEC560043CC15 /* Exceptions for "visualize" folder in "visualize" target */ = {
			isa = PBXFileSystemSynchronizedBuildFileExceptionSet;
			membershipExceptions = (
				Info.plist,
			);
			target = 053BEF1A2F8AEC41008A3D6B /* visualize */;
		};
/* End PBXFileSystemSynchronizedBuildFileExceptionSet section */

/* Begin PBXFileSystemSynchronizedRootGroup section */
		053BEF1D2F8AEC41008A3D6B /* visualize */ = {
			isa = PBXFileSystemSynchronizedRootGroup;
			exceptions = (
				E480294E2FAAEC560043CC15 /* Exceptions for "visualize" folder in "visualize" target */,
			);
			path = visualize;
			sourceTree = "<group>";
		};
		DD1B65E32FD3A0A00002F60E /* visualizeTests */ = {
			isa = PBXFileSystemSynchronizedRootGroup;
			exceptions = (
				528EAC8A2FD74233007057DB /* Exceptions for "visualizeTests" folder in "visualize" target */,
				528EAC8B2FD74233007057DB /* Exceptions for "visualizeTests" folder in "visualizeTests" target */,
			);
			path = visualizeTests;
			sourceTree = "<group>";
		};
		DD71EFED2FD3A87100EE00C1 /* visualizeUITests */ = {
			isa = PBXFileSystemSynchronizedRootGroup;
			path = visualizeUITests;
			sourceTree = "<group>";
		};
/* End PBXFileSystemSynchronizedRootGroup section */

/* Begin PBXFrameworksBuildPhase section */
		053BEF182F8AEC41008A3D6B /* Frameworks */ = {
			isa = PBXFrameworksBuildPhase;
			buildActionMask = 2147483647;
			files = (
				053BEFFE2F8C7462008A3D6B /* FirebaseAppDistribution-Beta in Frameworks */,
				053BF00A2F8C7462008A3D6B /* FirebaseFirestore in Frameworks */,
				053BF0022F8C7462008A3D6B /* FirebaseAuthCombine-Community in Frameworks */,
				053BF0142F8C7462008A3D6B /* FirebaseInstallations in Frameworks */,
				053BEFF42F8C7462008A3D6B /* FirebaseAILogic in Frameworks */,
				053BEFF22F8C7462008A3D6B /* FirebaseAI in Frameworks */,
				053BF0102F8C7462008A3D6B /* FirebaseFunctionsCombine-Community in Frameworks */,
				053BF0202F8C7462008A3D6B /* FirebaseStorageCombine-Community in Frameworks */,
				053BF0082F8C7462008A3D6B /* FirebaseDatabase in Frameworks */,
				053BF01E2F8C7462008A3D6B /* FirebaseStorage in Frameworks */,
				053BF01C2F8C7462008A3D6B /* FirebaseRemoteConfig in Frameworks */,
				053BF0182F8C7462008A3D6B /* FirebaseMessaging in Frameworks */,
				053BF0162F8C7462008A3D6B /* FirebaseMLModelDownloader in Frameworks */,
				053BF01A2F8C7462008A3D6B /* FirebasePerformance in Frameworks */,
				053BF0042F8C7462008A3D6B /* FirebaseCore in Frameworks */,
				053BEFFC2F8C7462008A3D6B /* FirebaseAppCheck in Frameworks */,
				053BF00E2F8C7462008A3D6B /* FirebaseFunctions in Frameworks */,
				E46E46BF2FA9937000E87EF6 /* SciChart in Frameworks */,
				053BF0002F8C7462008A3D6B /* FirebaseAuth in Frameworks */,
				053BF00C2F8C7462008A3D6B /* FirebaseFirestoreCombine-Community in Frameworks */,
			);
			runOnlyForDeploymentPostprocessing = 0;
		};
		DD1B65DF2FD3A0A00002F60E /* Frameworks */ = {
			isa = PBXFrameworksBuildPhase;
			buildActionMask = 2147483647;
			files = (
			);
			runOnlyForDeploymentPostprocessing = 0;
		};
		DD71EFE92FD3A87100EE00C1 /* Frameworks */ = {
			isa = PBXFrameworksBuildPhase;
			buildActionMask = 2147483647;
			files = (
			);
			runOnlyForDeploymentPostprocessing = 0;
		};
/* End PBXFrameworksBuildPhase section */

/* Begin PBXGroup section */
		053BEF122F8AEC41008A3D6B = {
			isa = PBXGroup;
			children = (
				DEA32D1E2FC7EFBC002FC59E /* Config.xcconfig */,
				053BEF1D2F8AEC41008A3D6B /* visualize */,
				DD1B65E32FD3A0A00002F60E /* visualizeTests */,
				DD71EFED2FD3A87100EE00C1 /* visualizeUITests */,
				053BEF1C2F8AEC41008A3D6B /* Products */,
				DE94792D2FD7F00F005C63AF /* GoogleService-Info.plist */,
			);
			sourceTree = "<group>";
		};
		053BEF1C2F8AEC41008A3D6B /* Products */ = {
			isa = PBXGroup;
			children = (
				053BEF1B2F8AEC41008A3D6B /* visualize.app */,
				DD1B65E22FD3A0A00002F60E /* visualizeTests.xctest */,
				DD71EFEC2FD3A87100EE00C1 /* visualizeUITests.xctest */,
			);
			name = Products;
			sourceTree = "<group>";
		};
/* End PBXGroup section */

/* Begin PBXNativeTarget section */
		053BEF1A2F8AEC41008A3D6B /* visualize */ = {
			isa = PBXNativeTarget;
			buildConfigurationList = 053BEF262F8AEC43008A3D6B /* Build configuration list for PBXNativeTarget "visualize" */;
			buildPhases = (
				053BEF172F8AEC41008A3D6B /* Sources */,
				053BEF182F8AEC41008A3D6B /* Frameworks */,
				053BEF192F8AEC41008A3D6B /* Resources */,
				26B2AA8F2FA16BFE000D9D11 /* Run Script */,
				DE6CE3532FBDB87B00F34FF1 /* Run Script */,
				DE4EE0D82FC599060010720B /* ShellScript */,
			);
			buildRules = (
			);
			dependencies = (
			);
			fileSystemSynchronizedGroups = (
				053BEF1D2F8AEC41008A3D6B /* visualize */,
			);
			name = visualize;
			packageProductDependencies = (
				053BEFF12F8C7462008A3D6B /* FirebaseAI */,
				053BEFF32F8C7462008A3D6B /* FirebaseAILogic */,
				053BEFFB2F8C7462008A3D6B /* FirebaseAppCheck */,
				053BEFFD2F8C7462008A3D6B /* FirebaseAppDistribution-Beta */,
				053BEFFF2F8C7462008A3D6B /* FirebaseAuth */,
				053BF0012F8C7462008A3D6B /* FirebaseAuthCombine-Community */,
				053BF0032F8C7462008A3D6B /* FirebaseCore */,
				053BF0072F8C7462008A3D6B /* FirebaseDatabase */,
				053BF0092F8C7462008A3D6B /* FirebaseFirestore */,
				053BF00B2F8C7462008A3D6B /* FirebaseFirestoreCombine-Community */,
				053BF00D2F8C7462008A3D6B /* FirebaseFunctions */,
				053BF00F2F8C7462008A3D6B /* FirebaseFunctionsCombine-Community */,
				053BF0132F8C7462008A3D6B /* FirebaseInstallations */,
				053BF0152F8C7462008A3D6B /* FirebaseMLModelDownloader */,
				053BF0172F8C7462008A3D6B /* FirebaseMessaging */,
				053BF0192F8C7462008A3D6B /* FirebasePerformance */,
				053BF01B2F8C7462008A3D6B /* FirebaseRemoteConfig */,
				053BF01D2F8C7462008A3D6B /* FirebaseStorage */,
				053BF01F2F8C7462008A3D6B /* FirebaseStorageCombine-Community */,
				E46E46BE2FA9937000E87EF6 /* SciChart */,
			);
			productName = visualize;
			productReference = 053BEF1B2F8AEC41008A3D6B /* visualize.app */;
			productType = "com.apple.product-type.application";
		};
		DD1B65E12FD3A0A00002F60E /* visualizeTests */ = {
			isa = PBXNativeTarget;
			buildConfigurationList = DD1B65EA2FD3A0A00002F60E /* Build configuration list for PBXNativeTarget "visualizeTests" */;
			buildPhases = (
				DD1B65DE2FD3A0A00002F60E /* Sources */,
				DD1B65DF2FD3A0A00002F60E /* Frameworks */,
				DD1B65E02FD3A0A00002F60E /* Resources */,
			);
			buildRules = (
			);
			dependencies = (
				DD1B65E72FD3A0A00002F60E /* PBXTargetDependency */,
			);
			fileSystemSynchronizedGroups = (
				DD1B65E32FD3A0A00002F60E /* visualizeTests */,
			);
			name = visualizeTests;
			packageProductDependencies = (
			);
			productName = visualizeTests;
			productReference = DD1B65E22FD3A0A00002F60E /* visualizeTests.xctest */;
			productType = "com.apple.product-type.bundle.unit-test";
		};
		DD71EFEB2FD3A87100EE00C1 /* visualizeUITests */ = {
			isa = PBXNativeTarget;
			buildConfigurationList = DD71EFF42FD3A87100EE00C1 /* Build configuration list for PBXNativeTarget "visualizeUITests" */;
			buildPhases = (
				DD71EFE82FD3A87100EE00C1 /* Sources */,
				DD71EFE92FD3A87100EE00C1 /* Frameworks */,
				DD71EFEA2FD3A87100EE00C1 /* Resources */,
			);
			buildRules = (
			);
			dependencies = (
				DD71EFF32FD3A87100EE00C1 /* PBXTargetDependency */,
			);
			fileSystemSynchronizedGroups = (
				DD71EFED2FD3A87100EE00C1 /* visualizeUITests */,
			);
			name = visualizeUITests;
			packageProductDependencies = (
			);
			productName = visualizeUITests;
			productReference = DD71EFEC2FD3A87100EE00C1 /* visualizeUITests.xctest */;
			productType = "com.apple.product-type.bundle.ui-testing";
		};
/* End PBXNativeTarget section */

/* Begin PBXProject section */
		053BEF132F8AEC41008A3D6B /* Project object */ = {
			isa = PBXProject;
			attributes = {
				BuildIndependentTargetsInParallel = 1;
				LastSwiftUpdateCheck = 2640;
				LastUpgradeCheck = 2640;
				TargetAttributes = {
					053BEF1A2F8AEC41008A3D6B = {
						CreatedOnToolsVersion = 26.4;
					};
					DD1B65E12FD3A0A00002F60E = {
						CreatedOnToolsVersion = 26.5;
						TestTargetID = 053BEF1A2F8AEC41008A3D6B;
					};
					DD71EFEB2FD3A87100EE00C1 = {
						CreatedOnToolsVersion = 26.5;
						TestTargetID = 053BEF1A2F8AEC41008A3D6B;
					};
				};
			};
			buildConfigurationList = 053BEF162F8AEC41008A3D6B /* Build configuration list for PBXProject "visualize" */;
			developmentRegion = en;
			hasScannedForEncodings = 0;
			knownRegions = (
				en,
				Base,
			);
			mainGroup = 053BEF122F8AEC41008A3D6B;
			minimizedProjectReferenceProxies = 1;
			packageReferences = (
				053BEFF02F8C7462008A3D6B /* XCRemoteSwiftPackageReference "firebase-ios-sdk" */,
				E46E46BD2FA9937000E87EF6 /* XCRemoteSwiftPackageReference "SciChart-SP" */,
			);
			preferredProjectObjectVersion = 77;
			productRefGroup = 053BEF1C2F8AEC41008A3D6B /* Products */;
			projectDirPath = "";
			projectRoot = "";
			targets = (
				053BEF1A2F8AEC41008A3D6B /* visualize */,
				DD1B65E12FD3A0A00002F60E /* visualizeTests */,
				DD71EFEB2FD3A87100EE00C1 /* visualizeUITests */,
			);
		};
/* End PBXProject section */

/* Begin PBXResourcesBuildPhase section */
		053BEF192F8AEC41008A3D6B /* Resources */ = {
			isa = PBXResourcesBuildPhase;
			buildActionMask = 2147483647;
			files = (
				DEA32D1F2FC7EFBC002FC59E /* Config.xcconfig in Resources */,
				DE94792E2FD7F00F005C63AF /* GoogleService-Info.plist in Resources */,
			);
			runOnlyForDeploymentPostprocessing = 0;
		};
		DD1B65E02FD3A0A00002F60E /* Resources */ = {
			isa = PBXResourcesBuildPhase;
			buildActionMask = 2147483647;
			files = (
			);
			runOnlyForDeploymentPostprocessing = 0;
		};
		DD71EFEA2FD3A87100EE00C1 /* Resources */ = {
			isa = PBXResourcesBuildPhase;
			buildActionMask = 2147483647;
			files = (
			);
			runOnlyForDeploymentPostprocessing = 0;
		};
/* End PBXResourcesBuildPhase section */

/* Begin PBXShellScriptBuildPhase section */
		26B2AA8F2FA16BFE000D9D11 /* Run Script */ = {
			isa = PBXShellScriptBuildPhase;
			alwaysOutOfDate = 1;
			buildActionMask = 2147483647;
			files = (
			);
			inputFileListPaths = (
			);
			inputPaths = (
			);
			name = "Run Script";
			outputFileListPaths = (
			);
			outputPaths = (
			);
			runOnlyForDeploymentPostprocessing = 0;
			shellPath = /bin/sh;
			shellScript = "export PATH=\"$PATH:/opt/homebrew/bin\"\n\nif command -v swiftlint >/dev/null 2>&1; then\n  swiftlint lint --quiet\n  swiftlint lint --reporter html --output \"${SRCROOT}/swiftlint_report.html\" || true\nelse\n  echo \"warning: SwiftLint not found\"\nfi\n";
		};
		DE4EE0D82FC599060010720B /* ShellScript */ = {
			isa = PBXShellScriptBuildPhase;
			alwaysOutOfDate = 1;
			buildActionMask = 2147483647;
			files = (
			);
			inputFileListPaths = (
			);
			inputPaths = (
			);
			outputFileListPaths = (
			);
			outputPaths = (
			);
			runOnlyForDeploymentPostprocessing = 0;
			shellPath = /bin/sh;
			shellScript = "# Type a script or drag a script file from your workspace to insert its path.\nexport PATH=\"$PATH:/opt/homebrew/bin\"\n\nif command -v swiftlint >/dev/null 2>&1; then\n  swiftlint lint --quiet\n  swiftlint lint --reporter html --output \"${SRCROOT}/swiftlint_report.html\" || true\nelse\n  echo \"warning: SwiftLint not found\"\nfi\n";
		};
		DE6CE3532FBDB87B00F34FF1 /* Run Script */ = {
			isa = PBXShellScriptBuildPhase;
			alwaysOutOfDate = 1;
			buildActionMask = 2147483647;
			files = (
			);
			inputFileListPaths = (
			);
			inputPaths = (
			);
			name = "Run Script";
			outputFileListPaths = (
			);
			outputPaths = (
			);
			runOnlyForDeploymentPostprocessing = 0;
			shellPath = /bin/sh;
			shellScript = "# Type a script or drag a script file from your workspace to insert its path.\nexport PATH=\":/opt/homebrew/bin\"\n\nif command -v swiftlint >/dev/null 2>&1; then\n  swiftlint lint --quiet\n  swiftlint lint --reporter html --output \"${SRCROOT}/swiftlint_report.html\" || true\nelse\n  echo \"warning: SwiftLint not found\"\nfi\n";
		};
/* End PBXShellScriptBuildPhase section */

/* Begin PBXSourcesBuildPhase section */
		053BEF172F8AEC41008A3D6B /* Sources */ = {
			isa = PBXSourcesBuildPhase;
			buildActionMask = 2147483647;
			files = (
			);
			runOnlyForDeploymentPostprocessing = 0;
		};
		DD1B65DE2FD3A0A00002F60E /* Sources */ = {
			isa = PBXSourcesBuildPhase;
			buildActionMask = 2147483647;
			files = (
			);
			runOnlyForDeploymentPostprocessing = 0;
		};
		DD71EFE82FD3A87100EE00C1 /* Sources */ = {
			isa = PBXSourcesBuildPhase;
			buildActionMask = 2147483647;
			files = (
			);
			runOnlyForDeploymentPostprocessing = 0;
		};
/* End PBXSourcesBuildPhase section */

/* Begin PBXTargetDependency section */
		DD1B65E72FD3A0A00002F60E /* PBXTargetDependency */ = {
			isa = PBXTargetDependency;
			target = 053BEF1A2F8AEC41008A3D6B /* visualize */;
			targetProxy = DD1B65E62FD3A0A00002F60E /* PBXContainerItemProxy */;
		};
		DD71EFF32FD3A87100EE00C1 /* PBXTargetDependency */ = {
			isa = PBXTargetDependency;
			target = 053BEF1A2F8AEC41008A3D6B /* visualize */;
			targetProxy = DD71EFF22FD3A87100EE00C1 /* PBXContainerItemProxy */;
		};
/* End PBXTargetDependency section */

/* Begin XCBuildConfiguration section */
		053BEF242F8AEC43008A3D6B /* Debug */ = {
			isa = XCBuildConfiguration;
			baseConfigurationReference = DEA32D1E2FC7EFBC002FC59E /* Config.xcconfig */;
			buildSettings = {
				ALWAYS_SEARCH_USER_PATHS = NO;
				ASSETCATALOG_COMPILER_GENERATE_SWIFT_ASSET_SYMBOL_EXTENSIONS = YES;
				CLANG_ANALYZER_NONNULL = YES;
				CLANG_ANALYZER_NUMBER_OBJECT_CONVERSION = YES_AGGRESSIVE;
				CLANG_CXX_LANGUAGE_STANDARD = "gnu++20";
				CLANG_ENABLE_MODULES = YES;
				CLANG_ENABLE_OBJC_ARC = YES;
				CLANG_ENABLE_OBJC_WEAK = YES;
				CLANG_WARN_BLOCK_CAPTURE_AUTORELEASING = YES;
				CLANG_WARN_BOOL_CONVERSION = YES;
				CLANG_WARN_COMMA = YES;
				CLANG_WARN_CONSTANT_CONVERSION = YES;
				CLANG_WARN_DEPRECATED_OBJC_IMPLEMENTATIONS = YES;
				CLANG_WARN_DIRECT_OBJC_ISA_USAGE = YES_ERROR;
				CLANG_WARN_DOCUMENTATION_COMMENTS = YES;
				CLANG_WARN_EMPTY_BODY = YES;
				CLANG_WARN_ENUM_CONVERSION = YES;
				CLANG_WARN_INFINITE_RECURSION = YES;
				CLANG_WARN_INT_CONVERSION = YES;
				CLANG_WARN_NON_LITERAL_NULL_CONVERSION = YES;
				CLANG_WARN_OBJC_IMPLICIT_RETAIN_SELF = YES;
				CLANG_WARN_OBJC_LITERAL_CONVERSION = YES;
				CLANG_WARN_OBJC_ROOT_CLASS = YES_ERROR;
				CLANG_WARN_QUOTED_INCLUDE_IN_FRAMEWORK_HEADER = YES;
				CLANG_WARN_RANGE_LOOP_ANALYSIS = YES;
				CLANG_WARN_STRICT_PROTOTYPES = YES;
				CLANG_WARN_SUSPICIOUS_MOVE = YES;
				CLANG_WARN_UNGUARDED_AVAILABILITY = YES_AGGRESSIVE;
				CLANG_WARN_UNREACHABLE_CODE = YES;
				CLANG_WARN__DUPLICATE_METHOD_MATCH = YES;
				COPY_PHASE_STRIP = NO;
				DEBUG_INFORMATION_FORMAT = dwarf;
				ENABLE_STRICT_OBJC_MSGSEND = YES;
				ENABLE_TESTABILITY = YES;
				ENABLE_USER_SCRIPT_SANDBOXING = NO;
				GCC_C_LANGUAGE_STANDARD = gnu17;
				GCC_DYNAMIC_NO_PIC = NO;
				GCC_NO_COMMON_BLOCKS = YES;
				GCC_OPTIMIZATION_LEVEL = 0;
				GCC_PREPROCESSOR_DEFINITIONS = (
					"DEBUG=1",
					"$(inherited)",
				);
				GCC_WARN_64_TO_32_BIT_CONVERSION = YES;
				GCC_WARN_ABOUT_RETURN_TYPE = YES_ERROR;
				GCC_WARN_UNDECLARED_SELECTOR = YES;
				GCC_WARN_UNINITIALIZED_AUTOS = YES_AGGRESSIVE;
				GCC_WARN_UNUSED_FUNCTION = YES;
				GCC_WARN_UNUSED_VARIABLE = YES;
				IPHONEOS_DEPLOYMENT_TARGET = 26.4;
				LOCALIZATION_PREFERS_STRING_CATALOGS = YES;
				MTL_ENABLE_DEBUG_INFO = INCLUDE_SOURCE;
				MTL_FAST_MATH = YES;
				ONLY_ACTIVE_ARCH = YES;
				SDKROOT = iphoneos;
				SWIFT_ACTIVE_COMPILATION_CONDITIONS = "DEBUG $(inherited)";
				SWIFT_EMIT_LOC_STRINGS = YES;
				SWIFT_OPTIMIZATION_LEVEL = "-Onone";
			};
			name = Debug;
		};
		053BEF252F8AEC43008A3D6B /* Release */ = {
			isa = XCBuildConfiguration;
			baseConfigurationReference = DEA32D1E2FC7EFBC002FC59E /* Config.xcconfig */;
			buildSettings = {
				ALWAYS_SEARCH_USER_PATHS = NO;
				ASSETCATALOG_COMPILER_GENERATE_SWIFT_ASSET_SYMBOL_EXTENSIONS = YES;
				CLANG_ANALYZER_NONNULL = YES;
				CLANG_ANALYZER_NUMBER_OBJECT_CONVERSION = YES_AGGRESSIVE;
				CLANG_CXX_LANGUAGE_STANDARD = "gnu++20";
				CLANG_ENABLE_MODULES = YES;
				CLANG_ENABLE_OBJC_ARC = YES;
				CLANG_ENABLE_OBJC_WEAK = YES;
				CLANG_WARN_BLOCK_CAPTURE_AUTORELEASING = YES;
				CLANG_WARN_BOOL_CONVERSION = YES;
				CLANG_WARN_COMMA = YES;
				CLANG_WARN_CONSTANT_CONVERSION = YES;
				CLANG_WARN_DEPRECATED_OBJC_IMPLEMENTATIONS = YES;
				CLANG_WARN_DIRECT_OBJC_ISA_USAGE = YES_ERROR;
				CLANG_WARN_DOCUMENTATION_COMMENTS = YES;
				CLANG_WARN_EMPTY_BODY = YES;
				CLANG_WARN_ENUM_CONVERSION = YES;
				CLANG_WARN_INFINITE_RECURSION = YES;
				CLANG_WARN_INT_CONVERSION = YES;
				CLANG_WARN_NON_LITERAL_NULL_CONVERSION = YES;
				CLANG_WARN_OBJC_IMPLICIT_RETAIN_SELF = YES;
				CLANG_WARN_OBJC_LITERAL_CONVERSION = YES;
				CLANG_WARN_OBJC_ROOT_CLASS = YES_ERROR;
				CLANG_WARN_QUOTED_INCLUDE_IN_FRAMEWORK_HEADER = YES;
				CLANG_WARN_RANGE_LOOP_ANALYSIS = YES;
				CLANG_WARN_STRICT_PROTOTYPES = YES;
				CLANG_WARN_SUSPICIOUS_MOVE = YES;
				CLANG_WARN_UNGUARDED_AVAILABILITY = YES_AGGRESSIVE;
				CLANG_WARN_UNREACHABLE_CODE = YES;
				CLANG_WARN__DUPLICATE_METHOD_MATCH = YES;
				COPY_PHASE_STRIP = NO;
				DEBUG_INFORMATION_FORMAT = "dwarf-with-dsym";
				ENABLE_NS_ASSERTIONS = NO;
				ENABLE_STRICT_OBJC_MSGSEND = YES;
				ENABLE_USER_SCRIPT_SANDBOXING = NO;
				GCC_C_LANGUAGE_STANDARD = gnu17;
				GCC_NO_COMMON_BLOCKS = YES;
				GCC_WARN_64_TO_32_BIT_CONVERSION = YES;
				GCC_WARN_ABOUT_RETURN_TYPE = YES_ERROR;
				GCC_WARN_UNDECLARED_SELECTOR = YES;
				GCC_WARN_UNINITIALIZED_AUTOS = YES_AGGRESSIVE;
				GCC_WARN_UNUSED_FUNCTION = YES;
				GCC_WARN_UNUSED_VARIABLE = YES;
				IPHONEOS_DEPLOYMENT_TARGET = 26.4;
				LOCALIZATION_PREFERS_STRING_CATALOGS = YES;
				MTL_ENABLE_DEBUG_INFO = NO;
				MTL_FAST_MATH = YES;
				SDKROOT = iphoneos;
				SWIFT_COMPILATION_MODE = wholemodule;
				SWIFT_EMIT_LOC_STRINGS = YES;
				VALIDATE_PRODUCT = YES;
			};
			name = Release;
		};
		053BEF272F8AEC43008A3D6B /* Debug */ = {
			isa = XCBuildConfiguration;
			buildSettings = {
				ASSETCATALOG_COMPILER_APPICON_NAME = VisualizeIcon;
				ASSETCATALOG_COMPILER_GLOBAL_ACCENT_COLOR_NAME = AccentColor;
				CODE_SIGN_IDENTITY = "Apple Development";
				CODE_SIGN_STYLE = Automatic;
				CURRENT_PROJECT_VERSION = 1;
				DEVELOPMENT_TEAM = "";
				ENABLE_PREVIEWS = YES;
				GENERATE_INFOPLIST_FILE = YES;
				INFOPLIST_FILE = visualize/Info.plist;
				INFOPLIST_KEY_NSCameraUsageDescription = "This app uses the camera to take a profile picture.";
				INFOPLIST_KEY_NSPhotoLibraryUsageDescription = " This app accesses your photos to let you choose a profile picture.";
				INFOPLIST_KEY_UIApplicationSceneManifest_Generation = YES;
				INFOPLIST_KEY_UIApplicationSupportsIndirectInputEvents = YES;
				INFOPLIST_KEY_UILaunchScreen_Generation = YES;
				INFOPLIST_KEY_UIStatusBarStyle = "";
				INFOPLIST_KEY_UISupportedInterfaceOrientations_iPad = "UIInterfaceOrientationPortrait UIInterfaceOrientationPortraitUpsideDown UIInterfaceOrientationLandscapeLeft UIInterfaceOrientationLandscapeRight";
				INFOPLIST_KEY_UISupportedInterfaceOrientations_iPhone = "UIInterfaceOrientationPortrait UIInterfaceOrientationLandscapeLeft UIInterfaceOrientationLandscapeRight";
				IPHONEOS_DEPLOYMENT_TARGET = 26.0;
				LD_RUNPATH_SEARCH_PATHS = (
					"$(inherited)",
					"@executable_path/Frameworks",
				);
				MARKETING_VERSION = 1.0;
				PRODUCT_BUNDLE_IDENTIFIER = com.oracle.visualize;
				PRODUCT_NAME = "$(TARGET_NAME)";
				PROVISIONING_PROFILE_SPECIFIER = "";
				STRING_CATALOG_GENERATE_SYMBOLS = YES;
				SWIFT_APPROACHABLE_CONCURRENCY = YES;
				SWIFT_DEFAULT_ACTOR_ISOLATION = MainActor;
				SWIFT_EMIT_LOC_STRINGS = YES;
				SWIFT_UPCOMING_FEATURE_MEMBER_IMPORT_VISIBILITY = YES;
				SWIFT_VERSION = 5.0;
				TARGETED_DEVICE_FAMILY = "1,2";
			};
			name = Debug;
		};
		053BEF282F8AEC43008A3D6B /* Release */ = {
			isa = XCBuildConfiguration;
			buildSettings = {
				ASSETCATALOG_COMPILER_APPICON_NAME = VisualizeIcon;
				ASSETCATALOG_COMPILER_GLOBAL_ACCENT_COLOR_NAME = AccentColor;
				CODE_SIGN_IDENTITY = "Apple Development";
				CODE_SIGN_STYLE = Automatic;
				CURRENT_PROJECT_VERSION = 1;
				DEVELOPMENT_TEAM = "";
				ENABLE_PREVIEWS = YES;
				GENERATE_INFOPLIST_FILE = YES;
				INFOPLIST_FILE = visualize/Info.plist;
				INFOPLIST_KEY_NSCameraUsageDescription = "This app uses the camera to take a profile picture.";
				INFOPLIST_KEY_NSPhotoLibraryUsageDescription = " This app accesses your photos to let you choose a profile picture.";
				INFOPLIST_KEY_UIApplicationSceneManifest_Generation = YES;
				INFOPLIST_KEY_UIApplicationSupportsIndirectInputEvents = YES;
				INFOPLIST_KEY_UILaunchScreen_Generation = YES;
				INFOPLIST_KEY_UIStatusBarStyle = "";
				INFOPLIST_KEY_UISupportedInterfaceOrientations_iPad = "UIInterfaceOrientationPortrait UIInterfaceOrientationPortraitUpsideDown UIInterfaceOrientationLandscapeLeft UIInterfaceOrientationLandscapeRight";
				INFOPLIST_KEY_UISupportedInterfaceOrientations_iPhone = "UIInterfaceOrientationPortrait UIInterfaceOrientationLandscapeLeft UIInterfaceOrientationLandscapeRight";
				IPHONEOS_DEPLOYMENT_TARGET = 26.0;
				LD_RUNPATH_SEARCH_PATHS = (
					"$(inherited)",
					"@executable_path/Frameworks",
				);
				MARKETING_VERSION = 1.0;
				PRODUCT_BUNDLE_IDENTIFIER = com.oracle.visualize;
				PRODUCT_NAME = "$(TARGET_NAME)";
				PROVISIONING_PROFILE_SPECIFIER = "";
				STRING_CATALOG_GENERATE_SYMBOLS = YES;
				SWIFT_APPROACHABLE_CONCURRENCY = YES;
				SWIFT_DEFAULT_ACTOR_ISOLATION = MainActor;
				SWIFT_EMIT_LOC_STRINGS = YES;
				SWIFT_UPCOMING_FEATURE_MEMBER_IMPORT_VISIBILITY = YES;
				SWIFT_VERSION = 5.0;
				TARGETED_DEVICE_FAMILY = "1,2";
			};
			name = Release;
		};
		DD1B65E82FD3A0A00002F60E /* Debug */ = {
			isa = XCBuildConfiguration;
			buildSettings = {
				BUNDLE_LOADER = "$(TEST_HOST)";
				CODE_SIGN_STYLE = Automatic;
				CURRENT_PROJECT_VERSION = 1;
				ENABLE_USER_SCRIPT_SANDBOXING = YES;
				GENERATE_INFOPLIST_FILE = YES;
				IPHONEOS_DEPLOYMENT_TARGET = 26.0;
				MARKETING_VERSION = 1.0;
				PRODUCT_BUNDLE_IDENTIFIER = com.company.visualizeTests;
				PRODUCT_NAME = "$(TARGET_NAME)";
				STRING_CATALOG_GENERATE_SYMBOLS = NO;
				SWIFT_APPROACHABLE_CONCURRENCY = YES;
				SWIFT_EMIT_LOC_STRINGS = NO;
				SWIFT_UPCOMING_FEATURE_MEMBER_IMPORT_VISIBILITY = YES;
				SWIFT_VERSION = 5.0;
				TARGETED_DEVICE_FAMILY = "1,2";
				TEST_HOST = "$(BUILT_PRODUCTS_DIR)/visualize.app/$(BUNDLE_EXECUTABLE_FOLDER_PATH)/visualize";
			};
			name = Debug;
		};
		DD1B65E92FD3A0A00002F60E /* Release */ = {
			isa = XCBuildConfiguration;
			buildSettings = {
				BUNDLE_LOADER = "$(TEST_HOST)";
				CODE_SIGN_STYLE = Automatic;
				CURRENT_PROJECT_VERSION = 1;
				ENABLE_USER_SCRIPT_SANDBOXING = YES;
				GENERATE_INFOPLIST_FILE = YES;
				IPHONEOS_DEPLOYMENT_TARGET = 26.0;
				MARKETING_VERSION = 1.0;
				PRODUCT_BUNDLE_IDENTIFIER = com.company.visualizeTests;
				PRODUCT_NAME = "$(TARGET_NAME)";
				STRING_CATALOG_GENERATE_SYMBOLS = NO;
				SWIFT_APPROACHABLE_CONCURRENCY = YES;
				SWIFT_EMIT_LOC_STRINGS = NO;
				SWIFT_UPCOMING_FEATURE_MEMBER_IMPORT_VISIBILITY = YES;
				SWIFT_VERSION = 5.0;
				TARGETED_DEVICE_FAMILY = "1,2";
				TEST_HOST = "$(BUILT_PRODUCTS_DIR)/visualize.app/$(BUNDLE_EXECUTABLE_FOLDER_PATH)/visualize";
			};
			name = Release;
		};
		DD71EFF52FD3A87100EE00C1 /* Debug */ = {
			isa = XCBuildConfiguration;
			buildSettings = {
				CODE_SIGN_STYLE = Automatic;
				CURRENT_PROJECT_VERSION = 1;
				ENABLE_USER_SCRIPT_SANDBOXING = YES;
				GENERATE_INFOPLIST_FILE = YES;
				IPHONEOS_DEPLOYMENT_TARGET = 17.6;
				MARKETING_VERSION = 1.0;
				PRODUCT_BUNDLE_IDENTIFIER = com.company.visualizeUITests;
				PRODUCT_NAME = "$(TARGET_NAME)";
				STRING_CATALOG_GENERATE_SYMBOLS = NO;
				SWIFT_APPROACHABLE_CONCURRENCY = YES;
				SWIFT_EMIT_LOC_STRINGS = NO;
				SWIFT_UPCOMING_FEATURE_MEMBER_IMPORT_VISIBILITY = YES;
				SWIFT_VERSION = 5.0;
				TARGETED_DEVICE_FAMILY = "1,2";
				TEST_TARGET_NAME = visualize;
			};
			name = Debug;
		};
		DD71EFF62FD3A87100EE00C1 /* Release */ = {
			isa = XCBuildConfiguration;
			buildSettings = {
				CODE_SIGN_STYLE = Automatic;
				CURRENT_PROJECT_VERSION = 1;
				ENABLE_USER_SCRIPT_SANDBOXING = YES;
				GENERATE_INFOPLIST_FILE = YES;
				IPHONEOS_DEPLOYMENT_TARGET = 17.6;
				MARKETING_VERSION = 1.0;
				PRODUCT_BUNDLE_IDENTIFIER = com.company.visualizeUITests;
				PRODUCT_NAME = "$(TARGET_NAME)";
				STRING_CATALOG_GENERATE_SYMBOLS = NO;
				SWIFT_APPROACHABLE_CONCURRENCY = YES;
				SWIFT_EMIT_LOC_STRINGS = NO;
				SWIFT_UPCOMING_FEATURE_MEMBER_IMPORT_VISIBILITY = YES;
				SWIFT_VERSION = 5.0;
				TARGETED_DEVICE_FAMILY = "1,2";
				TEST_TARGET_NAME = visualize;
			};
			name = Release;
		};
/* End XCBuildConfiguration section */

/* Begin XCConfigurationList section */
		053BEF162F8AEC41008A3D6B /* Build configuration list for PBXProject "visualize" */ = {
			isa = XCConfigurationList;
			buildConfigurations = (
				053BEF242F8AEC43008A3D6B /* Debug */,
				053BEF252F8AEC43008A3D6B /* Release */,
			);
			defaultConfigurationIsVisible = 0;
			defaultConfigurationName = Release;
		};
		053BEF262F8AEC43008A3D6B /* Build configuration list for PBXNativeTarget "visualize" */ = {
			isa = XCConfigurationList;
			buildConfigurations = (
				053BEF272F8AEC43008A3D6B /* Debug */,
				053BEF282F8AEC43008A3D6B /* Release */,
			);
			defaultConfigurationIsVisible = 0;
			defaultConfigurationName = Release;
		};
		DD1B65EA2FD3A0A00002F60E /* Build configuration list for PBXNativeTarget "visualizeTests" */ = {
			isa = XCConfigurationList;
			buildConfigurations = (
				DD1B65E82FD3A0A00002F60E /* Debug */,
				DD1B65E92FD3A0A00002F60E /* Release */,
			);
			defaultConfigurationIsVisible = 0;
			defaultConfigurationName = Release;
		};
		DD71EFF42FD3A87100EE00C1 /* Build configuration list for PBXNativeTarget "visualizeUITests" */ = {
			isa = XCConfigurationList;
			buildConfigurations = (
				DD71EFF52FD3A87100EE00C1 /* Debug */,
				DD71EFF62FD3A87100EE00C1 /* Release */,
			);
			defaultConfigurationIsVisible = 0;
			defaultConfigurationName = Release;
		};
/* End XCConfigurationList section */

/* Begin XCRemoteSwiftPackageReference section */
		053BEFF02F8C7462008A3D6B /* XCRemoteSwiftPackageReference "firebase-ios-sdk" */ = {
			isa = XCRemoteSwiftPackageReference;
			repositoryURL = "https://github.com/firebase/firebase-ios-sdk";
			requirement = {
				kind = upToNextMajorVersion;
				minimumVersion = 12.12.0;
			};
		};
		E46E46BD2FA9937000E87EF6 /* XCRemoteSwiftPackageReference "SciChart-SP" */ = {
			isa = XCRemoteSwiftPackageReference;
			repositoryURL = "https://github.com/ABTSoftware/SciChart-SP";
			requirement = {
				kind = upToNextMajorVersion;
				minimumVersion = 4.7.1;
			};
		};
/* End XCRemoteSwiftPackageReference section */

/* Begin XCSwiftPackageProductDependency section */
		053BEFF12F8C7462008A3D6B /* FirebaseAI */ = {
			isa = XCSwiftPackageProductDependency;
			package = 053BEFF02F8C7462008A3D6B /* XCRemoteSwiftPackageReference "firebase-ios-sdk" */;
			productName = FirebaseAI;
		};
		053BEFF32F8C7462008A3D6B /* FirebaseAILogic */ = {
			isa = XCSwiftPackageProductDependency;
			package = 053BEFF02F8C7462008A3D6B /* XCRemoteSwiftPackageReference "firebase-ios-sdk" */;
			productName = FirebaseAILogic;
		};
		053BEFFB2F8C7462008A3D6B /* FirebaseAppCheck */ = {
			isa = XCSwiftPackageProductDependency;
			package = 053BEFF02F8C7462008A3D6B /* XCRemoteSwiftPackageReference "firebase-ios-sdk" */;
			productName = FirebaseAppCheck;
		};
		053BEFFD2F8C7462008A3D6B /* FirebaseAppDistribution-Beta */ = {
			isa = XCSwiftPackageProductDependency;
			package = 053BEFF02F8C7462008A3D6B /* XCRemoteSwiftPackageReference "firebase-ios-sdk" */;
			productName = "FirebaseAppDistribution-Beta";
		};
		053BEFFF2F8C7462008A3D6B /* FirebaseAuth */ = {
			isa = XCSwiftPackageProductDependency;
			package = 053BEFF02F8C7462008A3D6B /* XCRemoteSwiftPackageReference "firebase-ios-sdk" */;
			productName = FirebaseAuth;
		};
		053BF0012F8C7462008A3D6B /* FirebaseAuthCombine-Community */ = {
			isa = XCSwiftPackageProductDependency;
			package = 053BEFF02F8C7462008A3D6B /* XCRemoteSwiftPackageReference "firebase-ios-sdk" */;
			productName = "FirebaseAuthCombine-Community";
		};
		053BF0032F8C7462008A3D6B /* FirebaseCore */ = {
			isa = XCSwiftPackageProductDependency;
			package = 053BEFF02F8C7462008A3D6B /* XCRemoteSwiftPackageReference "firebase-ios-sdk" */;
			productName = FirebaseCore;
		};
		053BF0072F8C7462008A3D6B /* FirebaseDatabase */ = {
			isa = XCSwiftPackageProductDependency;
			package = 053BEFF02F8C7462008A3D6B /* XCRemoteSwiftPackageReference "firebase-ios-sdk" */;
			productName = FirebaseDatabase;
		};
		053BF0092F8C7462008A3D6B /* FirebaseFirestore */ = {
			isa = XCSwiftPackageProductDependency;
			package = 053BEFF02F8C7462008A3D6B /* XCRemoteSwiftPackageReference "firebase-ios-sdk" */;
			productName = FirebaseFirestore;
		};
		053BF00B2F8C7462008A3D6B /* FirebaseFirestoreCombine-Community */ = {
			isa = XCSwiftPackageProductDependency;
			package = 053BEFF02F8C7462008A3D6B /* XCRemoteSwiftPackageReference "firebase-ios-sdk" */;
			productName = "FirebaseFirestoreCombine-Community";
		};
		053BF00D2F8C7462008A3D6B /* FirebaseFunctions */ = {
			isa = XCSwiftPackageProductDependency;
			package = 053BEFF02F8C7462008A3D6B /* XCRemoteSwiftPackageReference "firebase-ios-sdk" */;
			productName = FirebaseFunctions;
		};
		053BF00F2F8C7462008A3D6B /* FirebaseFunctionsCombine-Community */ = {
			isa = XCSwiftPackageProductDependency;
			package = 053BEFF02F8C7462008A3D6B /* XCRemoteSwiftPackageReference "firebase-ios-sdk" */;
			productName = "FirebaseFunctionsCombine-Community";
		};
		053BF0132F8C7462008A3D6B /* FirebaseInstallations */ = {
			isa = XCSwiftPackageProductDependency;
			package = 053BEFF02F8C7462008A3D6B /* XCRemoteSwiftPackageReference "firebase-ios-sdk" */;
			productName = FirebaseInstallations;
		};
		053BF0152F8C7462008A3D6B /* FirebaseMLModelDownloader */ = {
			isa = XCSwiftPackageProductDependency;
			package = 053BEFF02F8C7462008A3D6B /* XCRemoteSwiftPackageReference "firebase-ios-sdk" */;
			productName = FirebaseMLModelDownloader;
		};
		053BF0172F8C7462008A3D6B /* FirebaseMessaging */ = {
			isa = XCSwiftPackageProductDependency;
			package = 053BEFF02F8C7462008A3D6B /* XCRemoteSwiftPackageReference "firebase-ios-sdk" */;
			productName = FirebaseMessaging;
		};
		053BF0192F8C7462008A3D6B /* FirebasePerformance */ = {
			isa = XCSwiftPackageProductDependency;
			package = 053BEFF02F8C7462008A3D6B /* XCRemoteSwiftPackageReference "firebase-ios-sdk" */;
			productName = FirebasePerformance;
		};
		053BF01B2F8C7462008A3D6B /* FirebaseRemoteConfig */ = {
			isa = XCSwiftPackageProductDependency;
			package = 053BEFF02F8C7462008A3D6B /* XCRemoteSwiftPackageReference "firebase-ios-sdk" */;
			productName = FirebaseRemoteConfig;
		};
		053BF01D2F8C7462008A3D6B /* FirebaseStorage */ = {
			isa = XCSwiftPackageProductDependency;
			package = 053BEFF02F8C7462008A3D6B /* XCRemoteSwiftPackageReference "firebase-ios-sdk" */;
			productName = FirebaseStorage;
		};
		053BF01F2F8C7462008A3D6B /* FirebaseStorageCombine-Community */ = {
			isa = XCSwiftPackageProductDependency;
			package = 053BEFF02F8C7462008A3D6B /* XCRemoteSwiftPackageReference "firebase-ios-sdk" */;
			productName = "FirebaseStorageCombine-Community";
		};
		E46E46BE2FA9937000E87EF6 /* SciChart */ = {
			isa = XCSwiftPackageProductDependency;
			package = E46E46BD2FA9937000E87EF6 /* XCRemoteSwiftPackageReference "SciChart-SP" */;
			productName = SciChart;
		};
/* End XCSwiftPackageProductDependency section */
	};
	rootObject = 053BEF132F8AEC41008A3D6B /* Project object */;
}
